
Microsoft Visual Studio Solution File, Format Version 12.00
# Visual Studio Version 16
VisualStudioVersion = 16.0.31112.23
MinimumVisualStudioVersion = 10.0.40219.1
Project("{9A19103F-16F7-4668-BE54-9A1E7A4F7556}") = "Rocky", "Rocky\Rocky.csproj", "{47C2013E-F4D3-432B-B1A2-6C307E695D7C}"
EndProject
Project("{9A19103F-16F7-4668-BE54-9A1E7A4F7556}") = "Rocky_Utility", "Rocky_Utility\Rocky_Utility.csproj", "{1B0FE4CD-A1B0-4431-AA09-67A2B1A73AE3}"
EndProject
Project("{9A19103F-16F7-4668-BE54-9A1E7A4F7556}") = "Rocky_Models", "Rocky_Models\Rocky_Models.csproj", "{A38C74AB-DDCF-4137-AD89-1E4F230D8A6A}"
EndProject
Project("{FAE04EC0-301F-11D3-BF4B-00C04F79EFBC}") = "Rocky_DataAccess", "Rocky_DataAccess\Rocky_DataAccess.csproj", "{133E09C6-51EB-48E0-BC13-7D0F9F3DBA97}"
EndProject
Global
	GlobalSection(SolutionConfigurationPlatforms) = preSolution
		Debug|Any CPU = Debug|Any CPU
		Release|Any CPU = Release|Any CPU
	EndGlobalSection
	GlobalSection(ProjectConfigurationPlatforms) = postSolution
		{47C2013E-F4D3-432B-B1A2-6C307E695D7C}.Debug|Any CPU.ActiveCfg = Debug|Any CPU
		{47C2013E-F4D3-432B-B1A2-6C307E695D7C}.Debug|Any CPU.Build.0 = Debug|Any CPU
		{47C2013E-F4D3-432B-B1A2-6C307E695D7C}.Release|Any CPU.ActiveCfg = Release|Any CPU
		{47C2013E-F4D3-432B-B1A2-6C307E695D7C}.Release|Any CPU.Build.0 = Release|Any CPU
		{1B0FE4CD-A1B0-4431-AA09-67A2B1A73AE3}.Debug|Any CPU.ActiveCfg = Debug|Any CPU
		{1B0FE4CD-A1B0-4431-AA09-67A2B1A73AE3}.Debug|Any CPU.Build.0 = Debug|Any CPU
		{1B0FE4CD-A1B0-4431-AA09-67A2B1A73AE3}.Release|Any CPU.ActiveCfg = Release|Any CPU
		{1B0FE4CD-A1B0-4431-AA09-67A2B1A73AE3}.Release|Any CPU.Build.0 = Release|Any CPU
		{A38C74AB-DDCF-4137-AD89-1E4F230D8A6A}.Debug|Any CPU.ActiveCfg = Debug|Any CPU
		{A38C74AB-DDCF-4137-AD89-1E4F230D8A6A}.Debug|Any CPU.Build.0 = Debug|Any CPU
		{A38C74AB-DDCF-4137-AD89-1E4F230D8A6A}.Release|Any CPU.ActiveCfg = Release|Any CPU
		{A38C74AB-DDCF-4137-AD89-1E4F230D8A6A}.Release|Any CPU.Build.0 = Release|Any CPU
		{133E09C6-51EB-48E0-BC13-7D0F9F3DBA97}.Debug|Any CPU.ActiveCfg = Debug|Any CPU
		{133E09C6-51EB-48E0-BC13-7D0F9F3DBA97}.Debug|Any CPU.Build.0 = Debug|Any CPU
		{133E09C6-51EB-48E0-BC13-7D0F9F3DBA97}.Release|Any CPU.ActiveCfg = Release|Any CPU
		{133E09C6-51EB-48E0-BC13-7D0F9F3DBA97}.Release|Any CPU.Build.0 = Release|Any CPU
	EndGlobalSection
	GlobalSection(SolutionProperties) = preSolution
		HideSolutionNode = FALSE
	EndGlobalSection
	GlobalSection(ExtensibilityGlobals) = postSolution
		SolutionGuid = {CA498001-93EA-46C1-8A94-129804047218}
	EndGlobalSection
EndGlobal
